// !$*UTF8*$!
{
	archiveVersion = 1;
	classes = {
	};
	objectVersion = 77;
	objects = {

/* Begin PBXBuildFile section */
		5F7EBFC42DF406FD00C96618 /* WatchAppExtension.app in Embed Watch Content */ = {isa = PBXBuildFile; fileRef = 5F7EBFBA2DF406FB00C96618 /* WatchAppExtension.app */; settings = {ATTRIBUTES = (RemoveHeadersOnCopy, ); }; };
		5F7EBFCB2DF4072A00C96618 /* WatchConnectivity.framework in Frameworks */ = {isa = PBXBuildFile; fileRef = 5F7EBFCA2DF4072A00C96618 /* WatchConnectivity.framework */; };
		5F7EBFCD2DF4073200C96618 /* WatchConnectivity.framework in Frameworks */ = {isa = PBXBuildFile; fileRef = 5F7EBFCC2DF4073200C96618 /* WatchConnectivity.framework */; };
/* End PBXBuildFile section */

/* Begin PBXContainerItemProxy section */
		5F7EBFC22DF406FD00C96618 /* PBXContainerItemProxy */ = {
			isa = PBXContainerItemProxy;
			containerPortal = 5F7EBF9E2DF406DC00C96618 /* Project object */;
			proxyType = 1;
			remoteGlobalIDString = 5F7EBFB92DF406FB00C96618;
			remoteInfo = "WatchAppExtension Watch App";
		};
		5F7EC0782DF4202000C96618 /* PBXContainerItemProxy */ = {
			isa = PBXContainerItemProxy;
			containerPortal = 5F7EBF9E2DF406DC00C96618 /* Project object */;
			proxyType = 1;
			remoteGlobalIDString = 5F7EBFB92DF406FB00C96618;
			remoteInfo = WatchAppExtension;
		};
/* End PBXContainerItemProxy section */

/* Begin PBXCopyFilesBuildPhase section */
		5F7EBFC82DF406FD00C96618 /* Embed Watch Content */ = {
			isa = PBXCopyFilesBuildPhase;
			buildActionMask = 2147483647;
			dstPath = "$(CONTENTS_FOLDER_PATH)/Watch";
			dstSubfolderSpec = 16;
			files = (
				5F7EBFC42DF406FD00C96618 /* WatchAppExtension.app in Embed Watch Content */,
			);
			name = "Embed Watch Content";
			runOnlyForDeploymentPostprocessing = 0;
		};
/* End PBXCopyFilesBuildPhase section */

/* Begin PBXFileReference section */
		5F7EBFA62DF406DC00C96618 /* AssestmentWatchOS.app */ = {isa = PBXFileReference; explicitFileType = wrapper.application; includeInIndex = 0; path = AssestmentWatchOS.app; sourceTree = BUILT_PRODUCTS_DIR; };
		5F7EBFBA2DF406FB00C96618 /* WatchAppExtension.app */ = {isa = PBXFileReference; explicitFileType = wrapper.application; includeInIndex = 0; path = WatchAppExtension.app; sourceTree = BUILT_PRODUCTS_DIR; };
		5F7EBFCA2DF4072A00C96618 /* WatchConnectivity.framework */ = {isa = PBXFileReference; lastKnownFileType = wrapper.framework; name = WatchConnectivity.framework; path = System/Library/Frameworks/WatchConnectivity.framework; sourceTree = SDKROOT; };
		5F7EBFCC2DF4073200C96618 /* WatchConnectivity.framework */ = {isa = PBXFileReference; lastKnownFileType = wrapper.framework; name = WatchConnectivity.framework; path = Platforms/WatchOS.platform/Developer/SDKs/WatchOS11.5.sdk/System/Library/Frameworks/WatchConnectivity.framework; sourceTree = DEVELOPER_DIR; };
		5F7EC0742DF4202000C96618 /* WatchAppExtensionTest.xctest */ = {isa = PBXFileReference; explicitFileType = wrapper.cfbundle; includeInIndex = 0; path = WatchAppExtensionTest.xctest; sourceTree = BUILT_PRODUCTS_DIR; };
/* End PBXFileReference section */

/* Begin PBXFileSystemSynchronizedBuildFileExceptionSet section */
		5F7EC01E2DF40DEE00C96618 /* Exceptions for "AssestmentWatchOS" folder in "WatchAppExtension" target */ = {
			isa = PBXFileSystemSynchronizedBuildFileExceptionSet;
			membershipExceptions = (
				Model/Health.swift,
			);
			target = 5F7EBFB92DF406FB00C96618 /* WatchAppExtension */;
		};
		5F7EC0222DF4111300C96618 /* Exceptions for "AssestmentWatchOS" folder in "AssestmentWatchOS" target */ = {
			isa = PBXFileSystemSynchronizedBuildFileExceptionSet;
			membershipExceptions = (
				Info.plist,
			);
			target = 5F7EBFA52DF406DC00C96618 /* AssestmentWatchOS */;
		};
/* End PBXFileSystemSynchronizedBuildFileExceptionSet section */

/* Begin PBXFileSystemSynchronizedRootGroup section */
		5F7EBFA82DF406DC00C96618 /* AssestmentWatchOS */ = {
			isa = PBXFileSystemSynchronizedRootGroup;
			exceptions = (
				5F7EC0222DF4111300C96618 /* Exceptions for "AssestmentWatchOS" folder in "AssestmentWatchOS" target */,
				5F7EC01E2DF40DEE00C96618 /* Exceptions for "AssestmentWatchOS" folder in "WatchAppExtension" target */,
			);
			path = AssestmentWatchOS;
			sourceTree = "<group>";
		};
		5F7EBFBB2DF406FB00C96618 /* WatchAppExtension */ = {
			isa = PBXFileSystemSynchronizedRootGroup;
			path = WatchAppExtension;
			sourceTree = "<group>";
		};
		5F7EC0752DF4202000C96618 /* WatchAppExtensionTest */ = {
			isa = PBXFileSystemSynchronizedRootGroup;
			path = WatchAppExtensionTest;
			sourceTree = "<group>";
		};
/* End PBXFileSystemSynchronizedRootGroup section */

/* Begin PBXFrameworksBuildPhase section */
		5F7EBFA32DF406DC00C96618 /* Frameworks */ = {
			isa = PBXFrameworksBuildPhase;
			buildActionMask = 2147483647;
			files = (
				5F7EBFCB2DF4072A00C96618 /* WatchConnectivity.framework in Frameworks */,
			);
			runOnlyForDeploymentPostprocessing = 0;
		};
		5F7EBFB72DF406FB00C96618 /* Frameworks */ = {
			isa = PBXFrameworksBuildPhase;
			buildActionMask = 2147483647;
			files = (
				5F7EBFCD2DF4073200C96618 /* WatchConnectivity.framework in Frameworks */,
			);
			runOnlyForDeploymentPostprocessing = 0;
		};
		5F7EC0712DF4202000C96618 /* Frameworks */ = {
			isa = PBXFrameworksBuildPhase;
			buildActionMask = 2147483647;
			files = (
			);
			runOnlyForDeploymentPostprocessing = 0;
		};
/* End PBXFrameworksBuildPhase section */

/* Begin PBXGroup section */
		5F7EBF9D2DF406DC00C96618 = {
			isa = PBXGroup;
			children = (
				5F7EBFA82DF406DC00C96618 /* AssestmentWatchOS */,
				5F7EBFBB2DF406FB00C96618 /* WatchAppExtension */,
				5F7EC0752DF4202000C96618 /* WatchAppExtensionTest */,
				5F7EBFC92DF4072A00C96618 /* Frameworks */,
				5F7EBFA72DF406DC00C96618 /* Products */,
			);
			sourceTree = "<group>";
		};
		5F7EBFA72DF406DC00C96618 /* Products */ = {
			isa = PBXGroup;
			children = (
				5F7EBFA62DF406DC00C96618 /* AssestmentWatchOS.app */,
				5F7EBFBA2DF406FB00C96618 /* WatchAppExtension.app */,
				5F7EC0742DF4202000C96618 /* WatchAppExtensionTest.xctest */,
			);
			name = Products;
			sourceTree = "<group>";
		};
		5F7EBFC92DF4072A00C96618 /* Frameworks */ = {
			isa = PBXGroup;
			children = (
				5F7EBFCC2DF4073200C96618 /* WatchConnectivity.framework */,
				5F7EBFCA2DF4072A00C96618 /* WatchConnectivity.framework */,
			);
			name = Frameworks;
			sourceTree = "<group>";
		};
/* End PBXGroup section */

/* Begin PBXNativeTarget section */
		5F7EBFA52DF406DC00C96618 /* AssestmentWatchOS */ = {
			isa = PBXNativeTarget;
			buildConfigurationList = 5F7EBFB32DF406DD00C96618 /* Build configuration list for PBXNativeTarget "AssestmentWatchOS" */;
			buildPhases = (
				5F7EBFA22DF406DC00C96618 /* Sources */,
				5F7EBFA32DF406DC00C96618 /* Frameworks */,
				5F7EBFA42DF406DC00C96618 /* Resources */,
				5F7EBFC82DF406FD00C96618 /* Embed Watch Content */,
			);
			buildRules = (
			);
			dependencies = (
				5F7EBFC32DF406FD00C96618 /* PBXTargetDependency */,
			);
			fileSystemSynchronizedGroups = (
				5F7EBFA82DF406DC00C96618 /* AssestmentWatchOS */,
			);
			name = AssestmentWatchOS;
			packageProductDependencies = (
			);
			productName = AssestmentWatchOS;
			productReference = 5F7EBFA62DF406DC00C96618 /* AssestmentWatchOS.app */;
			productType = "com.apple.product-type.application";
		};
		5F7EBFB92DF406FB00C96618 /* WatchAppExtension */ = {
			isa = PBXNativeTarget;
			buildConfigurationList = 5F7EBFC52DF406FD00C96618 /* Build configuration list for PBXNativeTarget "WatchAppExtension" */;
			buildPhases = (
				5F7EBFB62DF406FB00C96618 /* Sources */,
				5F7EBFB72DF406FB00C96618 /* Frameworks */,
				5F7EBFB82DF406FB00C96618 /* Resources */,
			);
			buildRules = (
			);
			dependencies = (
			);
			fileSystemSynchronizedGroups = (
				5F7EBFBB2DF406FB00C96618 /* WatchAppExtension */,
			);
			name = WatchAppExtension;
			packageProductDependencies = (
			);
			productName = "WatchAppExtension Watch App";
			productReference = 5F7EBFBA2DF406FB00C96618 /* WatchAppExtension.app */;
			productType = "com.apple.product-type.application";
		};
		5F7EC0732DF4202000C96618 /* WatchAppExtensionTest */ = {
			isa = PBXNativeTarget;
			buildConfigurationList = 5F7EC07A2DF4202000C96618 /* Build configuration list for PBXNativeTarget "WatchAppExtensionTest" */;
			buildPhases = (
				5F7EC0702DF4202000C96618 /* Sources */,
				5F7EC0712DF4202000C96618 /* Frameworks */,
				5F7EC0722DF4202000C96618 /* Resources */,
			);
			buildRules = (
			);
			dependencies = (
				5F7EC0792DF4202000C96618 /* PBXTargetDependency */,
			);
			fileSystemSynchronizedGroups = (
				5F7EC0752DF4202000C96618 /* WatchAppExtensionTest */,
			);
			name = WatchAppExtensionTest;
			packageProductDependencies = (
			);
			productName = WatchAppExtensionTest;
			productReference = 5F7EC0742DF4202000C96618 /* WatchAppExtensionTest.xctest */;
			productType = "com.apple.product-type.bundle.unit-test";
		};
/* End PBXNativeTarget section */

/* Begin PBXProject section */
		5F7EBF9E2DF406DC00C96618 /* Project object */ = {
			isa = PBXProject;
			attributes = {
				BuildIndependentTargetsInParallel = 1;
				LastSwiftUpdateCheck = 1640;
				LastUpgradeCheck = 1640;
				TargetAttributes = {
					5F7EBFA52DF406DC00C96618 = {
						CreatedOnToolsVersion = 16.4;
					};
					5F7EBFB92DF406FB00C96618 = {
						CreatedOnToolsVersion = 16.4;
					};
					5F7EC0732DF4202000C96618 = {
						CreatedOnToolsVersion = 16.4;
						TestTargetID = 5F7EBFB92DF406FB00C96618;
					};
				};
			};
			buildConfigurationList = 5F7EBFA12DF406DC00C96618 /* Build configuration list for PBXProject "AssestmentWatchOS" */;
			developmentRegion = en;
			hasScannedForEncodings = 0;
			knownRegions = (
				en,
				Base,
			);
			mainGroup = 5F7EBF9D2DF406DC00C96618;
			minimizedProjectReferenceProxies = 1;
			preferredProjectObjectVersion = 77;
			productRefGroup = 5F7EBFA72DF406DC00C96618 /* Products */;
			projectDirPath = "";
			projectRoot = "";
			targets = (
				5F7EBFA52DF406DC00C96618 /* AssestmentWatchOS */,
				5F7EBFB92DF406FB00C96618 /* WatchAppExtension */,
				5F7EC0732DF4202000C96618 /* WatchAppExtensionTest */,
			);
		};
/* End PBXProject section */

/* Begin PBXResourcesBuildPhase section */
		5F7EBFA42DF406DC00C96618 /* Resources */ = {
			isa = PBXResourcesBuildPhase;
			buildActionMask = 2147483647;
			files = (
			);
			runOnlyForDeploymentPostprocessing = 0;
		};
		5F7EBFB82DF406FB00C96618 /* Resources */ = {
			isa = PBXResourcesBuildPhase;
			buildActionMask = 2147483647;
			files = (
			);
			runOnlyForDeploymentPostprocessing = 0;
		};
		5F7EC0722DF4202000C96618 /* Resources */ = {
			isa = PBXResourcesBuildPhase;
			buildActionMask = 2147483647;
			files = (
			);
			runOnlyForDeploymentPostprocessing = 0;
		};
/* End PBXResourcesBuildPhase section */

/* Begin PBXSourcesBuildPhase section */
		5F7EBFA22DF406DC00C96618 /* Sources */ = {
			isa = PBXSourcesBuildPhase;
			buildActionMask = 2147483647;
			files = (
			);
			runOnlyForDeploymentPostprocessing = 0;
		};
		5F7EBFB62DF406FB00C96618 /* Sources */ = {
			isa = PBXSourcesBuildPhase;
			buildActionMask = 2147483647;
			files = (
			);
			runOnlyForDeploymentPostprocessing = 0;
		};
		5F7EC0702DF4202000C96618 /* Sources */ = {
			isa = PBXSourcesBuildPhase;
			buildActionMask = 2147483647;
			files = (
			);
			runOnlyForDeploymentPostprocessing = 0;
		};
/* End PBXSourcesBuildPhase section */

/* Begin PBXTargetDependency section */
		5F7EBFC32DF406FD00C96618 /* PBXTargetDependency */ = {
			isa = PBXTargetDependency;
			target = 5F7EBFB92DF406FB00C96618 /* WatchAppExtension */;
			targetProxy = 5F7EBFC22DF406FD00C96618 /* PBXContainerItemProxy */;
		};
		5F7EC0792DF4202000C96618 /* PBXTargetDependency */ = {
			isa = PBXTargetDependency;
			target = 5F7EBFB92DF406FB00C96618 /* WatchAppExtension */;
			targetProxy = 5F7EC0782DF4202000C96618 /* PBXContainerItemProxy */;
		};
/* End PBXTargetDependency section */

/* Begin XCBuildConfiguration section */
		5F7EBFB12DF406DD00C96618 /* Debug */ = {
			isa = XCBuildConfiguration;
			buildSettings = {
				ALWAYS_SEARCH_USER_PATHS = NO;
				ASSETCATALOG_COMPILER_GENERATE_SWIFT_ASSET_SYMBOL_EXTENSIONS = YES;
				CLANG_ANALYZER_NONNULL = YES;
				CLANG_ANALYZER_NUMBER_OBJECT_CONVERSION = YES_AGGRESSIVE;
				CLANG_CXX_LANGUAGE_STANDARD = "gnu++20";
				CLANG_ENABLE_MODULES = YES;
				CLANG_ENABLE_OBJC_ARC = YES;
				CLANG_ENABLE_OBJC_WEAK = YES;
				CLANG_WARN_BLOCK_CAPTURE_AUTORELEASING = YES;
				CLANG_WARN_BOOL_CONVERSION = YES;
				CLANG_WARN_COMMA = YES;
				CLANG_WARN_CONSTANT_CONVERSION = YES;
				CLANG_WARN_DEPRECATED_OBJC_IMPLEMENTATIONS = YES;
				CLANG_WARN_DIRECT_OBJC_ISA_USAGE = YES_ERROR;
				CLANG_WARN_DOCUMENTATION_COMMENTS = YES;
				CLANG_WARN_EMPTY_BODY = YES;
				CLANG_WARN_ENUM_CONVERSION = YES;
				CLANG_WARN_INFINITE_RECURSION = YES;
				CLANG_WARN_INT_CONVERSION = YES;
				CLANG_WARN_NON_LITERAL_NULL_CONVERSION = YES;
				CLANG_WARN_OBJC_IMPLICIT_RETAIN_SELF = YES;
				CLANG_WARN_OBJC_LITERAL_CONVERSION = YES;
				CLANG_WARN_OBJC_ROOT_CLASS = YES_ERROR;
				CLANG_WARN_QUOTED_INCLUDE_IN_FRAMEWORK_HEADER = YES;
				CLANG_WARN_RANGE_LOOP_ANALYSIS = YES;
				CLANG_WARN_STRICT_PROTOTYPES = YES;
				CLANG_WARN_SUSPICIOUS_MOVE = YES;
				CLANG_WARN_UNGUARDED_AVAILABILITY = YES_AGGRESSIVE;
				CLANG_WARN_UNREACHABLE_CODE = YES;
				CLANG_WARN__DUPLICATE_METHOD_MATCH = YES;
				COPY_PHASE_STRIP = NO;
				DEBUG_INFORMATION_FORMAT = dwarf;
				ENABLE_STRICT_OBJC_MSGSEND = YES;
				ENABLE_TESTABILITY = YES;
				ENABLE_USER_SCRIPT_SANDBOXING = YES;
				GCC_C_LANGUAGE_STANDARD = gnu17;
				GCC_DYNAMIC_NO_PIC = NO;
				GCC_NO_COMMON_BLOCKS = YES;
				GCC_OPTIMIZATION_LEVEL = 0;
				GCC_PREPROCESSOR_DEFINITIONS = (
					"DEBUG=1",
					"$(inherited)",
				);
				GCC_WARN_64_TO_32_BIT_CONVERSION = YES;
				GCC_WARN_ABOUT_RETURN_TYPE = YES_ERROR;
				GCC_WARN_UNDECLARED_SELECTOR = YES;
				GCC_WARN_UNINITIALIZED_AUTOS = YES_AGGRESSIVE;
				GCC_WARN_UNUSED_FUNCTION = YES;
				GCC_WARN_UNUSED_VARIABLE = YES;
				IPHONEOS_DEPLOYMENT_TARGET = 18.5;
				LOCALIZATION_PREFERS_STRING_CATALOGS = YES;
				MTL_ENABLE_DEBUG_INFO = INCLUDE_SOURCE;
				MTL_FAST_MATH = YES;
				ONLY_ACTIVE_ARCH = YES;
				SDKROOT = iphoneos;
				SWIFT_ACTIVE_COMPILATION_CONDITIONS = "DEBUG $(inherited)";
				SWIFT_OPTIMIZATION_LEVEL = "-Onone";
			};
			name = Debug;
		};
		5F7EBFB22DF406DD00C96618 /* Release */ = {
			isa = XCBuildConfiguration;
			buildSettings = {
				ALWAYS_SEARCH_USER_PATHS = NO;
				ASSETCATALOG_COMPILER_GENERATE_SWIFT_ASSET_SYMBOL_EXTENSIONS = YES;
				CLANG_ANALYZER_NONNULL = YES;
				CLANG_ANALYZER_NUMBER_OBJECT_CONVERSION = YES_AGGRESSIVE;
				CLANG_CXX_LANGUAGE_STANDARD = "gnu++20";
				CLANG_ENABLE_MODULES = YES;
				CLANG_ENABLE_OBJC_ARC = YES;
				CLANG_ENABLE_OBJC_WEAK = YES;
				CLANG_WARN_BLOCK_CAPTURE_AUTORELEASING = YES;
				CLANG_WARN_BOOL_CONVERSION = YES;
				CLANG_WARN_COMMA = YES;
				CLANG_WARN_CONSTANT_CONVERSION = YES;
				CLANG_WARN_DEPRECATED_OBJC_IMPLEMENTATIONS = YES;
				CLANG_WARN_DIRECT_OBJC_ISA_USAGE = YES_ERROR;
				CLANG_WARN_DOCUMENTATION_COMMENTS = YES;
				CLANG_WARN_EMPTY_BODY = YES;
				CLANG_WARN_ENUM_CONVERSION = YES;
				CLANG_WARN_INFINITE_RECURSION = YES;
				CLANG_WARN_INT_CONVERSION = YES;
				CLANG_WARN_NON_LITERAL_NULL_CONVERSION = YES;
				CLANG_WARN_OBJC_IMPLICIT_RETAIN_SELF = YES;
				CLANG_WARN_OBJC_LITERAL_CONVERSION = YES;
				CLANG_WARN_OBJC_ROOT_CLASS = YES_ERROR;
				CLANG_WARN_QUOTED_INCLUDE_IN_FRAMEWORK_HEADER = YES;
				CLANG_WARN_RANGE_LOOP_ANALYSIS = YES;
				CLANG_WARN_STRICT_PROTOTYPES = YES;
				CLANG_WARN_SUSPICIOUS_MOVE = YES;
				CLANG_WARN_UNGUARDED_AVAILABILITY = YES_AGGRESSIVE;
				CLANG_WARN_UNREACHABLE_CODE = YES;
				CLANG_WARN__DUPLICATE_METHOD_MATCH = YES;
				COPY_PHASE_STRIP = NO;
				DEBUG_INFORMATION_FORMAT = "dwarf-with-dsym";
				ENABLE_NS_ASSERTIONS = NO;
				ENABLE_STRICT_OBJC_MSGSEND = YES;
				ENABLE_USER_SCRIPT_SANDBOXING = YES;
				GCC_C_LANGUAGE_STANDARD = gnu17;
				GCC_NO_COMMON_BLOCKS = YES;
				GCC_WARN_64_TO_32_BIT_CONVERSION = YES;
				GCC_WARN_ABOUT_RETURN_TYPE = YES_ERROR;
				GCC_WARN_UNDECLARED_SELECTOR = YES;
				GCC_WARN_UNINITIALIZED_AUTOS = YES_AGGRESSIVE;
				GCC_WARN_UNUSED_FUNCTION = YES;
				GCC_WARN_UNUSED_VARIABLE = YES;
				IPHONEOS_DEPLOYMENT_TARGET = 18.5;
				LOCALIZATION_PREFERS_STRING_CATALOGS = YES;
				MTL_ENABLE_DEBUG_INFO = NO;
				MTL_FAST_MATH = YES;
				SDKROOT = iphoneos;
				SWIFT_COMPILATION_MODE = wholemodule;
				VALIDATE_PRODUCT = YES;
			};
			name = Release;
		};
		5F7EBFB42DF406DD00C96618 /* Debug */ = {
			isa = XCBuildConfiguration;
			buildSettings = {
				ASSETCATALOG_COMPILER_APPICON_NAME = AppIcon;
				ASSETCATALOG_COMPILER_GLOBAL_ACCENT_COLOR_NAME = AccentColor;
				CODE_SIGN_ENTITLEMENTS = AssestmentWatchOS/AssestmentWatchOS.entitlements;
				CODE_SIGN_STYLE = Automatic;
				CURRENT_PROJECT_VERSION = 1;
				ENABLE_PREVIEWS = YES;
				GENERATE_INFOPLIST_FILE = YES;
				INFOPLIST_FILE = AssestmentWatchOS/Info.plist;
				INFOPLIST_KEY_NSFileProviderDomainUsageDescription = "";
				INFOPLIST_KEY_NSHealthShareUsageDescription = "This app needs access to your heart rate and steps for tracking fitness activity.";
				INFOPLIST_KEY_UIApplicationSceneManifest_Generation = YES;
				INFOPLIST_KEY_UIApplicationSupportsIndirectInputEvents = YES;
				INFOPLIST_KEY_UILaunchScreen_Generation = YES;
				INFOPLIST_KEY_UISupportedInterfaceOrientations_iPad = "UIInterfaceOrientationPortrait UIInterfaceOrientationPortraitUpsideDown UIInterfaceOrientationLandscapeLeft UIInterfaceOrientationLandscapeRight";
				INFOPLIST_KEY_UISupportedInterfaceOrientations_iPhone = "UIInterfaceOrientationPortrait UIInterfaceOrientationLandscapeLeft UIInterfaceOrientationLandscapeRight";
				LD_RUNPATH_SEARCH_PATHS = (
					"$(inherited)",
					"@executable_path/Frameworks",
				);
				MARKETING_VERSION = 1.0;
				PRODUCT_BUNDLE_IDENTIFIER = com.ecart.AssestmentWatchOS;
				PRODUCT_NAME = "$(TARGET_NAME)";
				SWIFT_EMIT_LOC_STRINGS = YES;
				SWIFT_VERSION = 5.0;
				TARGETED_DEVICE_FAMILY = "1,2";
			};
			name = Debug;
		};
		5F7EBFB52DF406DD00C96618 /* Release */ = {
			isa = XCBuildConfiguration;
			buildSettings = {
				ASSETCATALOG_COMPILER_APPICON_NAME = AppIcon;
				ASSETCATALOG_COMPILER_GLOBAL_ACCENT_COLOR_NAME = AccentColor;
				CODE_SIGN_ENTITLEMENTS = AssestmentWatchOS/AssestmentWatchOS.entitlements;
				CODE_SIGN_STYLE = Automatic;
				CURRENT_PROJECT_VERSION = 1;
				ENABLE_PREVIEWS = YES;
				GENERATE_INFOPLIST_FILE = YES;
				INFOPLIST_FILE = AssestmentWatchOS/Info.plist;
				INFOPLIST_KEY_NSFileProviderDomainUsageDescription = "";
				INFOPLIST_KEY_NSHealthShareUsageDescription = "This app needs access to your heart rate and steps for tracking fitness activity.";
				INFOPLIST_KEY_UIApplicationSceneManifest_Generation = YES;
				INFOPLIST_KEY_UIApplicationSupportsIndirectInputEvents = YES;
				INFOPLIST_KEY_UILaunchScreen_Generation = YES;
				INFOPLIST_KEY_UISupportedInterfaceOrientations_iPad = "UIInterfaceOrientationPortrait UIInterfaceOrientationPortraitUpsideDown UIInterfaceOrientationLandscapeLeft UIInterfaceOrientationLandscapeRight";
				INFOPLIST_KEY_UISupportedInterfaceOrientations_iPhone = "UIInterfaceOrientationPortrait UIInterfaceOrientationLandscapeLeft UIInterfaceOrientationLandscapeRight";
				LD_RUNPATH_SEARCH_PATHS = (
					"$(inherited)",
					"@executable_path/Frameworks",
				);
				MARKETING_VERSION = 1.0;
				PRODUCT_BUNDLE_IDENTIFIER = com.ecart.AssestmentWatchOS;
				PRODUCT_NAME = "$(TARGET_NAME)";
				SWIFT_EMIT_LOC_STRINGS = YES;
				SWIFT_VERSION = 5.0;
				TARGETED_DEVICE_FAMILY = "1,2";
			};
			name = Release;
		};
		5F7EBFC62DF406FD00C96618 /* Debug */ = {
			isa = XCBuildConfiguration;
			buildSettings = {
				ASSETCATALOG_COMPILER_APPICON_NAME = AppIcon;
				ASSETCATALOG_COMPILER_GLOBAL_ACCENT_COLOR_NAME = AccentColor;
				CODE_SIGN_ENTITLEMENTS = WatchAppExtension/WatchAppExtension.entitlements;
				CODE_SIGN_STYLE = Automatic;
				CURRENT_PROJECT_VERSION = 1;
				ENABLE_PREVIEWS = YES;
				GENERATE_INFOPLIST_FILE = YES;
				INFOPLIST_KEY_CFBundleDisplayName = WatchAppExtension;
				INFOPLIST_KEY_NSHealthShareUsageDescription = "This app needs access to your heart rate and steps for tracking fitness activity.";
				INFOPLIST_KEY_UISupportedInterfaceOrientations = "UIInterfaceOrientationPortrait UIInterfaceOrientationPortraitUpsideDown";
				INFOPLIST_KEY_WKCompanionAppBundleIdentifier = com.ecart.AssestmentWatchOS;
				LD_RUNPATH_SEARCH_PATHS = (
					"$(inherited)",
					"@executable_path/Frameworks",
				);
				MARKETING_VERSION = 1.0;
				PRODUCT_BUNDLE_IDENTIFIER = com.ecart.AssestmentWatchOS.watchkitapp;
				PRODUCT_NAME = "$(TARGET_NAME)";
				SDKROOT = watchos;
				SKIP_INSTALL = YES;
				SWIFT_EMIT_LOC_STRINGS = YES;
				SWIFT_VERSION = 5.0;
				TARGETED_DEVICE_FAMILY = 4;
				WATCHOS_DEPLOYMENT_TARGET = 11.5;
			};
			name = Debug;
		};
		5F7EBFC72DF406FD00C96618 /* Release */ = {
			isa = XCBuildConfiguration;
			buildSettings = {
				ASSETCATALOG_COMPILER_APPICON_NAME = AppIcon;
				ASSETCATALOG_COMPILER_GLOBAL_ACCENT_COLOR_NAME = AccentColor;
				CODE_SIGN_ENTITLEMENTS = WatchAppExtension/WatchAppExtension.entitlements;
				CODE_SIGN_STYLE = Automatic;
				CURRENT_PROJECT_VERSION = 1;
				ENABLE_PREVIEWS = YES;
				GENERATE_INFOPLIST_FILE = YES;
				INFOPLIST_KEY_CFBundleDisplayName = WatchAppExtension;
				INFOPLIST_KEY_NSHealthShareUsageDescription = "This app needs access to your heart rate and steps for tracking fitness activity.";
				INFOPLIST_KEY_UISupportedInterfaceOrientations = "UIInterfaceOrientationPortrait UIInterfaceOrientationPortraitUpsideDown";
				INFOPLIST_KEY_WKCompanionAppBundleIdentifier = com.ecart.AssestmentWatchOS;
				LD_RUNPATH_SEARCH_PATHS = (
					"$(inherited)",
					"@executable_path/Frameworks",
				);
				MARKETING_VERSION = 1.0;
				PRODUCT_BUNDLE_IDENTIFIER = com.ecart.AssestmentWatchOS.watchkitapp;
				PRODUCT_NAME = "$(TARGET_NAME)";
				SDKROOT = watchos;
				SKIP_INSTALL = YES;
				SWIFT_EMIT_LOC_STRINGS = YES;
				SWIFT_VERSION = 5.0;
				TARGETED_DEVICE_FAMILY = 4;
				WATCHOS_DEPLOYMENT_TARGET = 11.5;
			};
			name = Release;
		};
		5F7EC07B2DF4202000C96618 /* Debug */ = {
			isa = XCBuildConfiguration;
			buildSettings = {
				BUNDLE_LOADER = "$(TEST_HOST)";
				CODE_SIGN_STYLE = Automatic;
				CURRENT_PROJECT_VERSION = 1;
				GENERATE_INFOPLIST_FILE = YES;
				MARKETING_VERSION = 1.0;
				PRODUCT_BUNDLE_IDENTIFIER = com.ecart.WatchAppExtensionTest;
				PRODUCT_NAME = "$(TARGET_NAME)";
				SDKROOT = watchos;
				SWIFT_EMIT_LOC_STRINGS = NO;
				SWIFT_VERSION = 5.0;
				TARGETED_DEVICE_FAMILY = 4;
				TEST_HOST = "$(BUILT_PRODUCTS_DIR)/WatchAppExtension.app/$(BUNDLE_EXECUTABLE_FOLDER_PATH)/WatchAppExtension";
				WATCHOS_DEPLOYMENT_TARGET = 11.5;
			};
			name = Debug;
		};
		5F7EC07C2DF4202000C96618 /* Release */ = {
			isa = XCBuildConfiguration;
			buildSettings = {
				BUNDLE_LOADER = "$(TEST_HOST)";
				CODE_SIGN_STYLE = Automatic;
				CURRENT_PROJECT_VERSION = 1;
				GENERATE_INFOPLIST_FILE = YES;
				MARKETING_VERSION = 1.0;
				PRODUCT_BUNDLE_IDENTIFIER = com.ecart.WatchAppExtensionTest;
				PRODUCT_NAME = "$(TARGET_NAME)";
				SDKROOT = watchos;
				SWIFT_EMIT_LOC_STRINGS = NO;
				SWIFT_VERSION = 5.0;
				TARGETED_DEVICE_FAMILY = 4;
				TEST_HOST = "$(BUILT_PRODUCTS_DIR)/WatchAppExtension.app/$(BUNDLE_EXECUTABLE_FOLDER_PATH)/WatchAppExtension";
				WATCHOS_DEPLOYMENT_TARGET = 11.5;
			};
			name = Release;
		};
/* End XCBuildConfiguration section */

/* Begin XCConfigurationList section */
		5F7EBFA12DF406DC00C96618 /* Build configuration list for PBXProject "AssestmentWatchOS" */ = {
			isa = XCConfigurationList;
			buildConfigurations = (
				5F7EBFB12DF406DD00C96618 /* Debug */,
				5F7EBFB22DF406DD00C96618 /* Release */,
			);
			defaultConfigurationIsVisible = 0;
			defaultConfigurationName = Release;
		};
		5F7EBFB32DF406DD00C96618 /* Build configuration list for PBXNativeTarget "AssestmentWatchOS" */ = {
			isa = XCConfigurationList;
			buildConfigurations = (
				5F7EBFB42DF406DD00C96618 /* Debug */,
				5F7EBFB52DF406DD00C96618 /* Release */,
			);
			defaultConfigurationIsVisible = 0;
			defaultConfigurationName = Release;
		};
		5F7EBFC52DF406FD00C96618 /* Build configuration list for PBXNativeTarget "WatchAppExtension" */ = {
			isa = XCConfigurationList;
			buildConfigurations = (
				5F7EBFC62DF406FD00C96618 /* Debug */,
				5F7EBFC72DF406FD00C96618 /* Release */,
			);
			defaultConfigurationIsVisible = 0;
			defaultConfigurationName = Release;
		};
		5F7EC07A2DF4202000C96618 /* Build configuration list for PBXNativeTarget "WatchAppExtensionTest" */ = {
			isa = XCConfigurationList;
			buildConfigurations = (
				5F7EC07B2DF4202000C96618 /* Debug */,
				5F7EC07C2DF4202000C96618 /* Release */,
			);
			defaultConfigurationIsVisible = 0;
			defaultConfigurationName = Release;
		};
/* End XCConfigurationList section */
	};
	rootObject = 5F7EBF9E2DF406DC00C96618 /* Project object */;
}
